
Microsoft Visual Studio Solution File, Format Version 12.00
# Visual Studio Version 16
VisualStudioVersion = 16.0.32228.343
MinimumVisualStudioVersion = 10.0.40219.1
Project("{9A19103F-16F7-4668-BE54-9A1E7A4F7556}") = "WebApplication1", "WebApplication1\WebApplication1.csproj", "{B15CF46B-0248-4583-978E-589D83E007FF}"
EndProject
Global
	GlobalSection(SolutionConfigurationPlatforms) = preSolution
		Debug|Any CPU = Debug|Any CPU
		Release|Any CPU = Release|Any CPU
	EndGlobalSection
	GlobalSection(ProjectConfigurationPlatforms) = postSolution
		{B15CF46B-0248-4583-978E-589D83E007FF}.Debug|Any CPU.ActiveCfg = Debug|Any CPU
		{B15CF46B-0248-4583-978E-589D83E007FF}.Debug|Any CPU.Build.0 = Debug|Any CPU
		{B15CF46B-0248-4583-978E-589D83E007FF}.Release|Any CPU.ActiveCfg = Release|Any CPU
		{B15CF46B-0248-4583-978E-589D83E007FF}.Release|Any CPU.Build.0 = Release|Any CPU
	EndGlobalSection
	GlobalSection(SolutionProperties) = preSolution
		HideSolutionNode = FALSE
	EndGlobalSection
	GlobalSection(ExtensibilityGlobals) = postSolution
		SolutionGuid = {9A3355E4-F35E-4019-8587-9C00CE374F57}
	EndGlobalSection
EndGlobal
